
Microsoft Visual Studio Solution File, Format Version 12.00
# Visual Studio Version 16
VisualStudioVersion = 16.0.29318.209
MinimumVisualStudioVersion = 10.0.40219.1
Project("{FAE04EC0-301F-11D3-BF4B-00C04F79EFBC}") = "CodeFirst", "CodeFirst.csproj", "{69F3A6CB-9F24-49C3-9A74-672A1FBF830F}"
EndProject
Global
	GlobalSection(SolutionConfigurationPlatforms) = preSolution
		Debug|Any CPU = Debug|Any CPU
		Release|Any CPU = Release|Any CPU
	EndGlobalSection
	GlobalSection(ProjectConfigurationPlatforms) = postSolution
		{69F3A6CB-9F24-49C3-9A74-672A1FBF830F}.Debug|Any CPU.ActiveCfg = Debug|Any CPU
		{69F3A6CB-9F24-49C3-9A74-672A1FBF830F}.Debug|Any CPU.Build.0 = Debug|Any CPU
		{69F3A6CB-9F24-49C3-9A74-672A1FBF830F}.Release|Any CPU.ActiveCfg = Release|Any CPU
		{69F3A6CB-9F24-49C3-9A74-672A1FBF830F}.Release|Any CPU.Build.0 = Release|Any CPU
	EndGlobalSection
	GlobalSection(SolutionProperties) = preSolution
		HideSolutionNode = FALSE
	EndGlobalSection
	GlobalSection(ExtensibilityGlobals) = postSolution
		SolutionGuid = {834073C2-1AB4-4D36-9405-DD232CD66555}
	EndGlobalSection
EndGlobal
