
Microsoft Visual Studio Solution File, Format Version 12.00
# Visual Studio Version 16
VisualStudioVersion = 16.0.28803.452
MinimumVisualStudioVersion = 10.0.40219.1
Project("{FAE04EC0-301F-11D3-BF4B-00C04F79EFBC}") = "Thread", "Thread.csproj", "{AB702658-0EBA-4080-9129-B13F1809335F}"
EndProject
Global
	GlobalSection(SolutionConfigurationPlatforms) = preSolution
		Debug|Any CPU = Debug|Any CPU
		Release|Any CPU = Release|Any CPU
	EndGlobalSection
	GlobalSection(ProjectConfigurationPlatforms) = postSolution
		{AB702658-0EBA-4080-9129-B13F1809335F}.Debug|Any CPU.ActiveCfg = Debug|Any CPU
		{AB702658-0EBA-4080-9129-B13F1809335F}.Debug|Any CPU.Build.0 = Debug|Any CPU
		{AB702658-0EBA-4080-9129-B13F1809335F}.Release|Any CPU.ActiveCfg = Release|Any CPU
		{AB702658-0EBA-4080-9129-B13F1809335F}.Release|Any CPU.Build.0 = Release|Any CPU
	EndGlobalSection
	GlobalSection(SolutionProperties) = preSolution
		HideSolutionNode = FALSE
	EndGlobalSection
	GlobalSection(ExtensibilityGlobals) = postSolution
		SolutionGuid = {19DF7A1C-2C46-448F-B281-C76E8EEBE1B2}
	EndGlobalSection
EndGlobal
