
Microsoft Visual Studio Solution File, Format Version 12.00
# Visual Studio Version 16
VisualStudioVersion = 16.0.28803.452
MinimumVisualStudioVersion = 10.0.40219.1
Project("{FAE04EC0-301F-11D3-BF4B-00C04F79EFBC}") = "Flaske", "Flaske\Flaske.csproj", "{6B107ECA-3CBE-4185-B92C-6E297DCFA54D}"
EndProject
Global
	GlobalSection(SolutionConfigurationPlatforms) = preSolution
		Debug|Any CPU = Debug|Any CPU
		Release|Any CPU = Release|Any CPU
	EndGlobalSection
	GlobalSection(ProjectConfigurationPlatforms) = postSolution
		{6B107ECA-3CBE-4185-B92C-6E297DCFA54D}.Debug|Any CPU.ActiveCfg = Debug|Any CPU
		{6B107ECA-3CBE-4185-B92C-6E297DCFA54D}.Debug|Any CPU.Build.0 = Debug|Any CPU
		{6B107ECA-3CBE-4185-B92C-6E297DCFA54D}.Release|Any CPU.ActiveCfg = Release|Any CPU
		{6B107ECA-3CBE-4185-B92C-6E297DCFA54D}.Release|Any CPU.Build.0 = Release|Any CPU
	EndGlobalSection
	GlobalSection(SolutionProperties) = preSolution
		HideSolutionNode = FALSE
	EndGlobalSection
	GlobalSection(ExtensibilityGlobals) = postSolution
		SolutionGuid = {76215657-428E-4A18-829F-D4CE9A6C15B0}
	EndGlobalSection
EndGlobal
