
Microsoft Visual Studio Solution File, Format Version 12.00
# Visual Studio Version 16
VisualStudioVersion = 16.0.28803.452
MinimumVisualStudioVersion = 10.0.40219.1
Project("{FAE04EC0-301F-11D3-BF4B-00C04F79EFBC}") = "Gum", "Gum\Gum.csproj", "{D0136AA3-474F-4360-8779-0775830054D8}"
EndProject
Global
	GlobalSection(SolutionConfigurationPlatforms) = preSolution
		Debug|Any CPU = Debug|Any CPU
		Release|Any CPU = Release|Any CPU
	EndGlobalSection
	GlobalSection(ProjectConfigurationPlatforms) = postSolution
		{D0136AA3-474F-4360-8779-0775830054D8}.Debug|Any CPU.ActiveCfg = Debug|Any CPU
		{D0136AA3-474F-4360-8779-0775830054D8}.Debug|Any CPU.Build.0 = Debug|Any CPU
		{D0136AA3-474F-4360-8779-0775830054D8}.Release|Any CPU.ActiveCfg = Release|Any CPU
		{D0136AA3-474F-4360-8779-0775830054D8}.Release|Any CPU.Build.0 = Release|Any CPU
	EndGlobalSection
	GlobalSection(SolutionProperties) = preSolution
		HideSolutionNode = FALSE
	EndGlobalSection
	GlobalSection(ExtensibilityGlobals) = postSolution
		SolutionGuid = {C002E575-C4F8-469B-BAFD-19EB4B33CA0E}
	EndGlobalSection
EndGlobal
