
Microsoft Visual Studio Solution File, Format Version 12.00
# Visual Studio Version 16
VisualStudioVersion = 16.0.28803.452
MinimumVisualStudioVersion = 10.0.40219.1
Project("{9A19103F-16F7-4668-BE54-9A1E7A4F7556}") = "MyBanker", "MyBanker\MyBanker.csproj", "{454E56A3-887E-4812-B1E0-1D69BCFB18C6}"
EndProject
Project("{FAE04EC0-301F-11D3-BF4B-00C04F79EFBC}") = "DemoLibrary.Tests", "DemoLibrary.Tests\DemoLibrary.Tests.csproj", "{9BBC75DD-B00E-4436-B1CE-CC7E5D44D77E}"
EndProject
Global
	GlobalSection(SolutionConfigurationPlatforms) = preSolution
		Debug|Any CPU = Debug|Any CPU
		Release|Any CPU = Release|Any CPU
	EndGlobalSection
	GlobalSection(ProjectConfigurationPlatforms) = postSolution
		{454E56A3-887E-4812-B1E0-1D69BCFB18C6}.Debug|Any CPU.ActiveCfg = Debug|Any CPU
		{454E56A3-887E-4812-B1E0-1D69BCFB18C6}.Debug|Any CPU.Build.0 = Debug|Any CPU
		{454E56A3-887E-4812-B1E0-1D69BCFB18C6}.Release|Any CPU.ActiveCfg = Release|Any CPU
		{454E56A3-887E-4812-B1E0-1D69BCFB18C6}.Release|Any CPU.Build.0 = Release|Any CPU
		{9BBC75DD-B00E-4436-B1CE-CC7E5D44D77E}.Debug|Any CPU.ActiveCfg = Debug|Any CPU
		{9BBC75DD-B00E-4436-B1CE-CC7E5D44D77E}.Debug|Any CPU.Build.0 = Debug|Any CPU
		{9BBC75DD-B00E-4436-B1CE-CC7E5D44D77E}.Release|Any CPU.ActiveCfg = Release|Any CPU
		{9BBC75DD-B00E-4436-B1CE-CC7E5D44D77E}.Release|Any CPU.Build.0 = Release|Any CPU
	EndGlobalSection
	GlobalSection(SolutionProperties) = preSolution
		HideSolutionNode = FALSE
	EndGlobalSection
	GlobalSection(ExtensibilityGlobals) = postSolution
		SolutionGuid = {AE46B9CF-06FE-4E17-8F2E-AAC1E6F528BC}
	EndGlobalSection
EndGlobal
