
Microsoft Visual Studio Solution File, Format Version 12.00
# Visual Studio Version 16
VisualStudioVersion = 16.0.28803.452
MinimumVisualStudioVersion = 10.0.40219.1
Project("{FAE04EC0-301F-11D3-BF4B-00C04F79EFBC}") = "PhilsophersNew7", "PhilsophersNew7\PhilsophersNew7.csproj", "{B62CCDAB-A390-4F57-999D-D6625F3834CD}"
EndProject
Global
	GlobalSection(SolutionConfigurationPlatforms) = preSolution
		Debug|Any CPU = Debug|Any CPU
		Release|Any CPU = Release|Any CPU
	EndGlobalSection
	GlobalSection(ProjectConfigurationPlatforms) = postSolution
		{B62CCDAB-A390-4F57-999D-D6625F3834CD}.Debug|Any CPU.ActiveCfg = Debug|Any CPU
		{B62CCDAB-A390-4F57-999D-D6625F3834CD}.Debug|Any CPU.Build.0 = Debug|Any CPU
		{B62CCDAB-A390-4F57-999D-D6625F3834CD}.Release|Any CPU.ActiveCfg = Release|Any CPU
		{B62CCDAB-A390-4F57-999D-D6625F3834CD}.Release|Any CPU.Build.0 = Release|Any CPU
	EndGlobalSection
	GlobalSection(SolutionProperties) = preSolution
		HideSolutionNode = FALSE
	EndGlobalSection
	GlobalSection(ExtensibilityGlobals) = postSolution
		SolutionGuid = {45D81CC8-6DBE-45AF-8573-248D707DEE71}
	EndGlobalSection
EndGlobal
