
Microsoft Visual Studio Solution File, Format Version 12.00
# Visual Studio Version 16
VisualStudioVersion = 16.0.28803.452
MinimumVisualStudioVersion = 10.0.40219.1
Project("{FAE04EC0-301F-11D3-BF4B-00C04F79EFBC}") = "Philosophers", "Philosophers\Philosophers.csproj", "{DECD9362-667E-4451-A7EE-825845F5CD80}"
EndProject
Global
	GlobalSection(SolutionConfigurationPlatforms) = preSolution
		Debug|Any CPU = Debug|Any CPU
		Release|Any CPU = Release|Any CPU
	EndGlobalSection
	GlobalSection(ProjectConfigurationPlatforms) = postSolution
		{DECD9362-667E-4451-A7EE-825845F5CD80}.Debug|Any CPU.ActiveCfg = Debug|Any CPU
		{DECD9362-667E-4451-A7EE-825845F5CD80}.Debug|Any CPU.Build.0 = Debug|Any CPU
		{DECD9362-667E-4451-A7EE-825845F5CD80}.Release|Any CPU.ActiveCfg = Release|Any CPU
		{DECD9362-667E-4451-A7EE-825845F5CD80}.Release|Any CPU.Build.0 = Release|Any CPU
	EndGlobalSection
	GlobalSection(SolutionProperties) = preSolution
		HideSolutionNode = FALSE
	EndGlobalSection
	GlobalSection(ExtensibilityGlobals) = postSolution
		SolutionGuid = {1318CC77-7134-4AFB-9CCB-A14D3FE2EBB1}
	EndGlobalSection
EndGlobal
