
Microsoft Visual Studio Solution File, Format Version 12.00
# Visual Studio Version 16
VisualStudioVersion = 16.0.28803.452
MinimumVisualStudioVersion = 10.0.40219.1
Project("{FAE04EC0-301F-11D3-BF4B-00C04F79EFBC}") = "Solsystemet", "Solsystemet\Solsystemet.csproj", "{8EB57FEB-1F3C-4BA9-B5F5-AF401B5790EE}"
EndProject
Global
	GlobalSection(SolutionConfigurationPlatforms) = preSolution
		Debug|Any CPU = Debug|Any CPU
		Release|Any CPU = Release|Any CPU
	EndGlobalSection
	GlobalSection(ProjectConfigurationPlatforms) = postSolution
		{8EB57FEB-1F3C-4BA9-B5F5-AF401B5790EE}.Debug|Any CPU.ActiveCfg = Debug|Any CPU
		{8EB57FEB-1F3C-4BA9-B5F5-AF401B5790EE}.Debug|Any CPU.Build.0 = Debug|Any CPU
		{8EB57FEB-1F3C-4BA9-B5F5-AF401B5790EE}.Release|Any CPU.ActiveCfg = Release|Any CPU
		{8EB57FEB-1F3C-4BA9-B5F5-AF401B5790EE}.Release|Any CPU.Build.0 = Release|Any CPU
	EndGlobalSection
	GlobalSection(SolutionProperties) = preSolution
		HideSolutionNode = FALSE
	EndGlobalSection
	GlobalSection(ExtensibilityGlobals) = postSolution
		SolutionGuid = {4478A01D-75E5-4A16-A348-1643DD96E46B}
	EndGlobalSection
EndGlobal
