
Microsoft Visual Studio Solution File, Format Version 12.00
# Visual Studio Version 16
VisualStudioVersion = 16.0.28803.452
MinimumVisualStudioVersion = 10.0.40219.1
Project("{FAE04EC0-301F-11D3-BF4B-00C04F79EFBC}") = "Webside", "Webside\Webside.csproj", "{6FC1872A-CB0D-47DF-B83F-C1A8FA058AFD}"
EndProject
Global
	GlobalSection(SolutionConfigurationPlatforms) = preSolution
		Debug|Any CPU = Debug|Any CPU
		Release|Any CPU = Release|Any CPU
	EndGlobalSection
	GlobalSection(ProjectConfigurationPlatforms) = postSolution
		{6FC1872A-CB0D-47DF-B83F-C1A8FA058AFD}.Debug|Any CPU.ActiveCfg = Debug|Any CPU
		{6FC1872A-CB0D-47DF-B83F-C1A8FA058AFD}.Debug|Any CPU.Build.0 = Debug|Any CPU
		{6FC1872A-CB0D-47DF-B83F-C1A8FA058AFD}.Release|Any CPU.ActiveCfg = Release|Any CPU
		{6FC1872A-CB0D-47DF-B83F-C1A8FA058AFD}.Release|Any CPU.Build.0 = Release|Any CPU
	EndGlobalSection
	GlobalSection(SolutionProperties) = preSolution
		HideSolutionNode = FALSE
	EndGlobalSection
	GlobalSection(ExtensibilityGlobals) = postSolution
		SolutionGuid = {637A7895-AB30-4DFF-BB3D-CA9A3B8020F8}
	EndGlobalSection
EndGlobal
