
Microsoft Visual Studio Solution File, Format Version 12.00
# Visual Studio Version 16
VisualStudioVersion = 16.0.28803.452
MinimumVisualStudioVersion = 10.0.40219.1
Project("{FAE04EC0-301F-11D3-BF4B-00C04F79EFBC}") = "Watcher", "Watcher\Watcher.csproj", "{1E725398-6D50-4FEE-94B3-E758919B083C}"
EndProject
Global
	GlobalSection(SolutionConfigurationPlatforms) = preSolution
		Debug|Any CPU = Debug|Any CPU
		Release|Any CPU = Release|Any CPU
	EndGlobalSection
	GlobalSection(ProjectConfigurationPlatforms) = postSolution
		{1E725398-6D50-4FEE-94B3-E758919B083C}.Debug|Any CPU.ActiveCfg = Debug|Any CPU
		{1E725398-6D50-4FEE-94B3-E758919B083C}.Debug|Any CPU.Build.0 = Debug|Any CPU
		{1E725398-6D50-4FEE-94B3-E758919B083C}.Release|Any CPU.ActiveCfg = Release|Any CPU
		{1E725398-6D50-4FEE-94B3-E758919B083C}.Release|Any CPU.Build.0 = Release|Any CPU
	EndGlobalSection
	GlobalSection(SolutionProperties) = preSolution
		HideSolutionNode = FALSE
	EndGlobalSection
	GlobalSection(ExtensibilityGlobals) = postSolution
		SolutionGuid = {C11D2813-14A6-4C87-9EC7-531616B50E84}
	EndGlobalSection
EndGlobal
