
Microsoft Visual Studio Solution File, Format Version 12.00
# Visual Studio Version 16
VisualStudioVersion = 16.0.29230.47
MinimumVisualStudioVersion = 10.0.40219.1
Project("{FAE04EC0-301F-11D3-BF4B-00C04F79EFBC}") = "Uno", "Uno.csproj", "{BAC8DDC5-2E2D-41E0-BFAA-10EF52425959}"
EndProject
Global
	GlobalSection(SolutionConfigurationPlatforms) = preSolution
		Debug|Any CPU = Debug|Any CPU
		Release|Any CPU = Release|Any CPU
	EndGlobalSection
	GlobalSection(ProjectConfigurationPlatforms) = postSolution
		{BAC8DDC5-2E2D-41E0-BFAA-10EF52425959}.Debug|Any CPU.ActiveCfg = Debug|Any CPU
		{BAC8DDC5-2E2D-41E0-BFAA-10EF52425959}.Debug|Any CPU.Build.0 = Debug|Any CPU
		{BAC8DDC5-2E2D-41E0-BFAA-10EF52425959}.Release|Any CPU.ActiveCfg = Release|Any CPU
		{BAC8DDC5-2E2D-41E0-BFAA-10EF52425959}.Release|Any CPU.Build.0 = Release|Any CPU
	EndGlobalSection
	GlobalSection(SolutionProperties) = preSolution
		HideSolutionNode = FALSE
	EndGlobalSection
	GlobalSection(ExtensibilityGlobals) = postSolution
		SolutionGuid = {5F1A6620-935B-4F3C-9269-167E7006FE88}
	EndGlobalSection
EndGlobal
