
Microsoft Visual Studio Solution File, Format Version 12.00
# Visual Studio Version 16
VisualStudioVersion = 16.0.28803.452
MinimumVisualStudioVersion = 10.0.40219.1
Project("{FAE04EC0-301F-11D3-BF4B-00C04F79EFBC}") = "CommaTraning", "CommaTraning.csproj", "{ADE101A6-CE8B-428F-9EAB-BBD69C5D7006}"
EndProject
Global
	GlobalSection(SolutionConfigurationPlatforms) = preSolution
		Debug|Any CPU = Debug|Any CPU
		Release|Any CPU = Release|Any CPU
	EndGlobalSection
	GlobalSection(ProjectConfigurationPlatforms) = postSolution
		{ADE101A6-CE8B-428F-9EAB-BBD69C5D7006}.Debug|Any CPU.ActiveCfg = Debug|Any CPU
		{ADE101A6-CE8B-428F-9EAB-BBD69C5D7006}.Debug|Any CPU.Build.0 = Debug|Any CPU
		{ADE101A6-CE8B-428F-9EAB-BBD69C5D7006}.Release|Any CPU.ActiveCfg = Release|Any CPU
		{ADE101A6-CE8B-428F-9EAB-BBD69C5D7006}.Release|Any CPU.Build.0 = Release|Any CPU
	EndGlobalSection
	GlobalSection(SolutionProperties) = preSolution
		HideSolutionNode = FALSE
	EndGlobalSection
	GlobalSection(ExtensibilityGlobals) = postSolution
		SolutionGuid = {1025CF07-BBE9-4B5A-B71A-0AA6E34B766B}
	EndGlobalSection
EndGlobal
