
Microsoft Visual Studio Solution File, Format Version 12.00
# Visual Studio Version 16
VisualStudioVersion = 16.0.28803.452
MinimumVisualStudioVersion = 10.0.40219.1
Project("{FAE04EC0-301F-11D3-BF4B-00C04F79EFBC}") = "EntirelyInFish", "EntirelyInFish.csproj", "{4FF5384E-CE05-4AB8-AFE7-EBBBB53A98A3}"
EndProject
Global
	GlobalSection(SolutionConfigurationPlatforms) = preSolution
		Debug|Any CPU = Debug|Any CPU
		Release|Any CPU = Release|Any CPU
	EndGlobalSection
	GlobalSection(ProjectConfigurationPlatforms) = postSolution
		{4FF5384E-CE05-4AB8-AFE7-EBBBB53A98A3}.Debug|Any CPU.ActiveCfg = Debug|Any CPU
		{4FF5384E-CE05-4AB8-AFE7-EBBBB53A98A3}.Debug|Any CPU.Build.0 = Debug|Any CPU
		{4FF5384E-CE05-4AB8-AFE7-EBBBB53A98A3}.Release|Any CPU.ActiveCfg = Release|Any CPU
		{4FF5384E-CE05-4AB8-AFE7-EBBBB53A98A3}.Release|Any CPU.Build.0 = Release|Any CPU
	EndGlobalSection
	GlobalSection(SolutionProperties) = preSolution
		HideSolutionNode = FALSE
	EndGlobalSection
	GlobalSection(ExtensibilityGlobals) = postSolution
		SolutionGuid = {2BE44BF2-28FF-4C89-8366-89E8F6158FF6}
	EndGlobalSection
EndGlobal
